
Microsoft Visual Studio Solution File, Format Version 12.00
Project("{FAE04EC0-301F-11D3-BF4B-00C04F79EFBC}") = "CSVigilReporter", "CSVigilReporter\CSVigilReporter.csproj", "{0ACF25E9-E6BE-49EE-8C17-2FA6CE232D1E}"
EndProject
Project("{FAE04EC0-301F-11D3-BF4B-00C04F79EFBC}") = "CSVigilReporterDemo", "CSVigilReporterDemo\CSVigilReporterDemo.csproj", "{A78AF307-9828-400A-AE26-5E5ACB6405D8}"
EndProject
Global
	GlobalSection(SolutionConfigurationPlatforms) = preSolution
		Debug|Any CPU = Debug|Any CPU
		Release|Any CPU = Release|Any CPU
	EndGlobalSection
	GlobalSection(ProjectConfigurationPlatforms) = postSolution
		{0ACF25E9-E6BE-49EE-8C17-2FA6CE232D1E}.Debug|Any CPU.ActiveCfg = Debug|Any CPU
		{0ACF25E9-E6BE-49EE-8C17-2FA6CE232D1E}.Debug|Any CPU.Build.0 = Debug|Any CPU
		{0ACF25E9-E6BE-49EE-8C17-2FA6CE232D1E}.Release|Any CPU.ActiveCfg = Release|Any CPU
		{0ACF25E9-E6BE-49EE-8C17-2FA6CE232D1E}.Release|Any CPU.Build.0 = Release|Any CPU
		{A78AF307-9828-400A-AE26-5E5ACB6405D8}.Debug|Any CPU.ActiveCfg = Debug|Any CPU
		{A78AF307-9828-400A-AE26-5E5ACB6405D8}.Debug|Any CPU.Build.0 = Debug|Any CPU
		{A78AF307-9828-400A-AE26-5E5ACB6405D8}.Release|Any CPU.ActiveCfg = Release|Any CPU
		{A78AF307-9828-400A-AE26-5E5ACB6405D8}.Release|Any CPU.Build.0 = Release|Any CPU
	EndGlobalSection
EndGlobal
